
Microsoft Visual Studio Solution File, Format Version 10.00
# Visual Studio 2008
Project("{FAE04EC0-301F-11D3-BF4B-00C04F79EFBC}") = "Image", "Image.csproj", "{2642F5EA-CE4E-4205-A3AE-812CF6BB4B17}"
EndProject
Global
	GlobalSection(SolutionConfigurationPlatforms) = preSolution
		Debug|Any CPU = Debug|Any CPU
		Debug|Mixed Platforms = Debug|Mixed Platforms
		Debug|Win32 = Debug|Win32
		Debug|x86 = Debug|x86
		Debug|Xbox 360 = Debug|Xbox 360
		Hybrid|Any CPU = Hybrid|Any CPU
		Hybrid|Mixed Platforms = Hybrid|Mixed Platforms
		Hybrid|Win32 = Hybrid|Win32
		Hybrid|x86 = Hybrid|x86
		Hybrid|Xbox 360 = Hybrid|Xbox 360
		Release|Any CPU = Release|Any CPU
		Release|Mixed Platforms = Release|Mixed Platforms
		Release|Win32 = Release|Win32
		Release|x86 = Release|x86
		Release|Xbox 360 = Release|Xbox 360
	EndGlobalSection
	GlobalSection(ProjectConfigurationPlatforms) = postSolution
		{F37A88A5-89E9-4FD1-93E2-0695EA7D20AD}.Debug|Any CPU.ActiveCfg = Debug|Any CPU
		{F37A88A5-89E9-4FD1-93E2-0695EA7D20AD}.Debug|Any CPU.Build.0 = Debug|Any CPU
		{F37A88A5-89E9-4FD1-93E2-0695EA7D20AD}.Debug|Mixed Platforms.ActiveCfg = Debug|Any CPU
		{F37A88A5-89E9-4FD1-93E2-0695EA7D20AD}.Debug|Mixed Platforms.Build.0 = Debug|Any CPU
		{F37A88A5-89E9-4FD1-93E2-0695EA7D20AD}.Debug|Win32.ActiveCfg = Debug|Any CPU
		{F37A88A5-89E9-4FD1-93E2-0695EA7D20AD}.Debug|x86.ActiveCfg = Debug|Any CPU
		{F37A88A5-89E9-4FD1-93E2-0695EA7D20AD}.Debug|Xbox 360.ActiveCfg = Debug|Any CPU
		{F37A88A5-89E9-4FD1-93E2-0695EA7D20AD}.Hybrid|Any CPU.ActiveCfg = Release|Any CPU
		{F37A88A5-89E9-4FD1-93E2-0695EA7D20AD}.Hybrid|Any CPU.Build.0 = Release|Any CPU
		{F37A88A5-89E9-4FD1-93E2-0695EA7D20AD}.Hybrid|Mixed Platforms.ActiveCfg = Release|Any CPU
		{F37A88A5-89E9-4FD1-93E2-0695EA7D20AD}.Hybrid|Mixed Platforms.Build.0 = Release|Any CPU
		{F37A88A5-89E9-4FD1-93E2-0695EA7D20AD}.Hybrid|Win32.ActiveCfg = Release|Any CPU
		{F37A88A5-89E9-4FD1-93E2-0695EA7D20AD}.Hybrid|x86.ActiveCfg = Release|Any CPU
		{F37A88A5-89E9-4FD1-93E2-0695EA7D20AD}.Hybrid|Xbox 360.ActiveCfg = Release|Any CPU
		{F37A88A5-89E9-4FD1-93E2-0695EA7D20AD}.Release|Any CPU.ActiveCfg = Release|Any CPU
		{F37A88A5-89E9-4FD1-93E2-0695EA7D20AD}.Release|Any CPU.Build.0 = Release|Any CPU
		{F37A88A5-89E9-4FD1-93E2-0695EA7D20AD}.Release|Mixed Platforms.ActiveCfg = Release|Any CPU
		{F37A88A5-89E9-4FD1-93E2-0695EA7D20AD}.Release|Mixed Platforms.Build.0 = Release|Any CPU
		{F37A88A5-89E9-4FD1-93E2-0695EA7D20AD}.Release|Win32.ActiveCfg = Release|Any CPU
		{F37A88A5-89E9-4FD1-93E2-0695EA7D20AD}.Release|x86.ActiveCfg = Release|Any CPU
		{F37A88A5-89E9-4FD1-93E2-0695EA7D20AD}.Release|Xbox 360.ActiveCfg = Release|Any CPU
		{73BBE1D2-AADC-419B-BD12-C9DB249C2A7E}.Debug|Any CPU.ActiveCfg = Debug|Win32
		{73BBE1D2-AADC-419B-BD12-C9DB249C2A7E}.Debug|Mixed Platforms.ActiveCfg = Debug|Win32
		{73BBE1D2-AADC-419B-BD12-C9DB249C2A7E}.Debug|Mixed Platforms.Build.0 = Debug|Win32
		{73BBE1D2-AADC-419B-BD12-C9DB249C2A7E}.Debug|Win32.ActiveCfg = Debug|Win32
		{73BBE1D2-AADC-419B-BD12-C9DB249C2A7E}.Debug|Win32.Build.0 = Debug|Win32
		{73BBE1D2-AADC-419B-BD12-C9DB249C2A7E}.Debug|x86.ActiveCfg = Debug|Win32
		{73BBE1D2-AADC-419B-BD12-C9DB249C2A7E}.Debug|Xbox 360.ActiveCfg = Debug|Win32
		{73BBE1D2-AADC-419B-BD12-C9DB249C2A7E}.Hybrid|Any CPU.ActiveCfg = Release|Win32
		{73BBE1D2-AADC-419B-BD12-C9DB249C2A7E}.Hybrid|Mixed Platforms.ActiveCfg = Release|Win32
		{73BBE1D2-AADC-419B-BD12-C9DB249C2A7E}.Hybrid|Mixed Platforms.Build.0 = Release|Win32
		{73BBE1D2-AADC-419B-BD12-C9DB249C2A7E}.Hybrid|Win32.ActiveCfg = Release|Win32
		{73BBE1D2-AADC-419B-BD12-C9DB249C2A7E}.Hybrid|Win32.Build.0 = Release|Win32
		{73BBE1D2-AADC-419B-BD12-C9DB249C2A7E}.Hybrid|x86.ActiveCfg = Release|Win32
		{73BBE1D2-AADC-419B-BD12-C9DB249C2A7E}.Hybrid|Xbox 360.ActiveCfg = Release|Win32
		{73BBE1D2-AADC-419B-BD12-C9DB249C2A7E}.Release|Any CPU.ActiveCfg = Release|Win32
		{73BBE1D2-AADC-419B-BD12-C9DB249C2A7E}.Release|Mixed Platforms.ActiveCfg = Release|Win32
		{73BBE1D2-AADC-419B-BD12-C9DB249C2A7E}.Release|Mixed Platforms.Build.0 = Release|Win32
		{73BBE1D2-AADC-419B-BD12-C9DB249C2A7E}.Release|Win32.ActiveCfg = Release|Win32
		{73BBE1D2-AADC-419B-BD12-C9DB249C2A7E}.Release|Win32.Build.0 = Release|Win32
		{73BBE1D2-AADC-419B-BD12-C9DB249C2A7E}.Release|x86.ActiveCfg = Release|Win32
		{73BBE1D2-AADC-419B-BD12-C9DB249C2A7E}.Release|Xbox 360.ActiveCfg = Release|Win32
		{DD7903FA-72D1-4F53-8B69-1E8278D2DEFA}.Debug|Any CPU.ActiveCfg = Debug|Win32
		{DD7903FA-72D1-4F53-8B69-1E8278D2DEFA}.Debug|Mixed Platforms.ActiveCfg = Debug|Win32
		{DD7903FA-72D1-4F53-8B69-1E8278D2DEFA}.Debug|Mixed Platforms.Build.0 = Debug|Win32
		{DD7903FA-72D1-4F53-8B69-1E8278D2DEFA}.Debug|Win32.ActiveCfg = Debug|Win32
		{DD7903FA-72D1-4F53-8B69-1E8278D2DEFA}.Debug|Win32.Build.0 = Debug|Win32
		{DD7903FA-72D1-4F53-8B69-1E8278D2DEFA}.Debug|x86.ActiveCfg = Debug|Win32
		{DD7903FA-72D1-4F53-8B69-1E8278D2DEFA}.Debug|Xbox 360.ActiveCfg = Debug|Win32
		{DD7903FA-72D1-4F53-8B69-1E8278D2DEFA}.Hybrid|Any CPU.ActiveCfg = Release|Win32
		{DD7903FA-72D1-4F53-8B69-1E8278D2DEFA}.Hybrid|Mixed Platforms.ActiveCfg = Release|Win32
		{DD7903FA-72D1-4F53-8B69-1E8278D2DEFA}.Hybrid|Mixed Platforms.Build.0 = Release|Win32
		{DD7903FA-72D1-4F53-8B69-1E8278D2DEFA}.Hybrid|Win32.ActiveCfg = Release|Win32
		{DD7903FA-72D1-4F53-8B69-1E8278D2DEFA}.Hybrid|Win32.Build.0 = Release|Win32
		{DD7903FA-72D1-4F53-8B69-1E8278D2DEFA}.Hybrid|x86.ActiveCfg = Release|Win32
		{DD7903FA-72D1-4F53-8B69-1E8278D2DEFA}.Hybrid|Xbox 360.ActiveCfg = Release|Win32
		{DD7903FA-72D1-4F53-8B69-1E8278D2DEFA}.Release|Any CPU.ActiveCfg = Release|Win32
		{DD7903FA-72D1-4F53-8B69-1E8278D2DEFA}.Release|Mixed Platforms.ActiveCfg = Release|Win32
		{DD7903FA-72D1-4F53-8B69-1E8278D2DEFA}.Release|Mixed Platforms.Build.0 = Release|Win32
		{DD7903FA-72D1-4F53-8B69-1E8278D2DEFA}.Release|Win32.ActiveCfg = Release|Win32
		{DD7903FA-72D1-4F53-8B69-1E8278D2DEFA}.Release|Win32.Build.0 = Release|Win32
		{DD7903FA-72D1-4F53-8B69-1E8278D2DEFA}.Release|x86.ActiveCfg = Release|Win32
		{DD7903FA-72D1-4F53-8B69-1E8278D2DEFA}.Release|Xbox 360.ActiveCfg = Release|Win32
		{FE213F1A-D75E-4C2A-9E1E-7FD7E6C09EEE}.Debug|Any CPU.ActiveCfg = Debug|Any CPU
		{FE213F1A-D75E-4C2A-9E1E-7FD7E6C09EEE}.Debug|Any CPU.Build.0 = Debug|Any CPU
		{FE213F1A-D75E-4C2A-9E1E-7FD7E6C09EEE}.Debug|Mixed Platforms.ActiveCfg = Debug|Any CPU
		{FE213F1A-D75E-4C2A-9E1E-7FD7E6C09EEE}.Debug|Mixed Platforms.Build.0 = Debug|Any CPU
		{FE213F1A-D75E-4C2A-9E1E-7FD7E6C09EEE}.Debug|Win32.ActiveCfg = Debug|Any CPU
		{FE213F1A-D75E-4C2A-9E1E-7FD7E6C09EEE}.Debug|x86.ActiveCfg = Debug|Any CPU
		{FE213F1A-D75E-4C2A-9E1E-7FD7E6C09EEE}.Debug|Xbox 360.ActiveCfg = Debug|Any CPU
		{FE213F1A-D75E-4C2A-9E1E-7FD7E6C09EEE}.Hybrid|Any CPU.ActiveCfg = Release|Any CPU
		{FE213F1A-D75E-4C2A-9E1E-7FD7E6C09EEE}.Hybrid|Any CPU.Build.0 = Release|Any CPU
		{FE213F1A-D75E-4C2A-9E1E-7FD7E6C09EEE}.Hybrid|Mixed Platforms.ActiveCfg = Release|Any CPU
		{FE213F1A-D75E-4C2A-9E1E-7FD7E6C09EEE}.Hybrid|Mixed Platforms.Build.0 = Release|Any CPU
		{FE213F1A-D75E-4C2A-9E1E-7FD7E6C09EEE}.Hybrid|Win32.ActiveCfg = Release|Any CPU
		{FE213F1A-D75E-4C2A-9E1E-7FD7E6C09EEE}.Hybrid|x86.ActiveCfg = Release|Any CPU
		{FE213F1A-D75E-4C2A-9E1E-7FD7E6C09EEE}.Hybrid|Xbox 360.ActiveCfg = Release|Any CPU
		{FE213F1A-D75E-4C2A-9E1E-7FD7E6C09EEE}.Release|Any CPU.ActiveCfg = Release|Any CPU
		{FE213F1A-D75E-4C2A-9E1E-7FD7E6C09EEE}.Release|Any CPU.Build.0 = Release|Any CPU
		{FE213F1A-D75E-4C2A-9E1E-7FD7E6C09EEE}.Release|Mixed Platforms.ActiveCfg = Release|Any CPU
		{FE213F1A-D75E-4C2A-9E1E-7FD7E6C09EEE}.Release|Mixed Platforms.Build.0 = Release|Any CPU
		{FE213F1A-D75E-4C2A-9E1E-7FD7E6C09EEE}.Release|Win32.ActiveCfg = Release|Any CPU
		{FE213F1A-D75E-4C2A-9E1E-7FD7E6C09EEE}.Release|x86.ActiveCfg = Release|Any CPU
		{FE213F1A-D75E-4C2A-9E1E-7FD7E6C09EEE}.Release|Xbox 360.ActiveCfg = Release|Any CPU
		{937DB037-0FE9-4193-93B7-E72CC9E870C1}.Debug|Any CPU.ActiveCfg = Debug|Win32
		{937DB037-0FE9-4193-93B7-E72CC9E870C1}.Debug|Mixed Platforms.ActiveCfg = Debug|Win32
		{937DB037-0FE9-4193-93B7-E72CC9E870C1}.Debug|Mixed Platforms.Build.0 = Debug|Win32
		{937DB037-0FE9-4193-93B7-E72CC9E870C1}.Debug|Win32.ActiveCfg = Debug|Win32
		{937DB037-0FE9-4193-93B7-E72CC9E870C1}.Debug|Win32.Build.0 = Debug|Win32
		{937DB037-0FE9-4193-93B7-E72CC9E870C1}.Debug|x86.ActiveCfg = Debug|Win32
		{937DB037-0FE9-4193-93B7-E72CC9E870C1}.Debug|Xbox 360.ActiveCfg = Debug|Win32
		{937DB037-0FE9-4193-93B7-E72CC9E870C1}.Hybrid|Any CPU.ActiveCfg = Release|Win32
		{937DB037-0FE9-4193-93B7-E72CC9E870C1}.Hybrid|Mixed Platforms.ActiveCfg = Release|Win32
		{937DB037-0FE9-4193-93B7-E72CC9E870C1}.Hybrid|Mixed Platforms.Build.0 = Release|Win32
		{937DB037-0FE9-4193-93B7-E72CC9E870C1}.Hybrid|Win32.ActiveCfg = Release|Win32
		{937DB037-0FE9-4193-93B7-E72CC9E870C1}.Hybrid|Win32.Build.0 = Release|Win32
		{937DB037-0FE9-4193-93B7-E72CC9E870C1}.Hybrid|x86.ActiveCfg = Release|Win32
		{937DB037-0FE9-4193-93B7-E72CC9E870C1}.Hybrid|Xbox 360.ActiveCfg = Release|Win32
		{937DB037-0FE9-4193-93B7-E72CC9E870C1}.Release|Any CPU.ActiveCfg = Release|Win32
		{937DB037-0FE9-4193-93B7-E72CC9E870C1}.Release|Mixed Platforms.ActiveCfg = Release|Win32
		{937DB037-0FE9-4193-93B7-E72CC9E870C1}.Release|Mixed Platforms.Build.0 = Release|Win32
		{937DB037-0FE9-4193-93B7-E72CC9E870C1}.Release|Win32.ActiveCfg = Release|Win32
		{937DB037-0FE9-4193-93B7-E72CC9E870C1}.Release|Win32.Build.0 = Release|Win32
		{937DB037-0FE9-4193-93B7-E72CC9E870C1}.Release|x86.ActiveCfg = Release|Win32
		{937DB037-0FE9-4193-93B7-E72CC9E870C1}.Release|Xbox 360.ActiveCfg = Release|Win32
		{C406DAEC-0886-4771-8DEA-9D7329B46CC1}.Debug|Any CPU.ActiveCfg = Debug|Win32
		{C406DAEC-0886-4771-8DEA-9D7329B46CC1}.Debug|Mixed Platforms.ActiveCfg = Debug|Win32
		{C406DAEC-0886-4771-8DEA-9D7329B46CC1}.Debug|Mixed Platforms.Build.0 = Debug|Win32
		{C406DAEC-0886-4771-8DEA-9D7329B46CC1}.Debug|Win32.ActiveCfg = Debug|Win32
		{C406DAEC-0886-4771-8DEA-9D7329B46CC1}.Debug|Win32.Build.0 = Debug|Win32
		{C406DAEC-0886-4771-8DEA-9D7329B46CC1}.Debug|x86.ActiveCfg = Debug|Win32
		{C406DAEC-0886-4771-8DEA-9D7329B46CC1}.Debug|Xbox 360.ActiveCfg = Debug|Win32
		{C406DAEC-0886-4771-8DEA-9D7329B46CC1}.Hybrid|Any CPU.ActiveCfg = Debug|Win32
		{C406DAEC-0886-4771-8DEA-9D7329B46CC1}.Hybrid|Mixed Platforms.ActiveCfg = Debug|Win32
		{C406DAEC-0886-4771-8DEA-9D7329B46CC1}.Hybrid|Mixed Platforms.Build.0 = Debug|Win32
		{C406DAEC-0886-4771-8DEA-9D7329B46CC1}.Hybrid|Win32.ActiveCfg = Debug|Win32
		{C406DAEC-0886-4771-8DEA-9D7329B46CC1}.Hybrid|Win32.Build.0 = Debug|Win32
		{C406DAEC-0886-4771-8DEA-9D7329B46CC1}.Hybrid|x86.ActiveCfg = Debug|Win32
		{C406DAEC-0886-4771-8DEA-9D7329B46CC1}.Hybrid|Xbox 360.ActiveCfg = Debug|Win32
		{C406DAEC-0886-4771-8DEA-9D7329B46CC1}.Release|Any CPU.ActiveCfg = Release|Win32
		{C406DAEC-0886-4771-8DEA-9D7329B46CC1}.Release|Mixed Platforms.ActiveCfg = Release|Win32
		{C406DAEC-0886-4771-8DEA-9D7329B46CC1}.Release|Mixed Platforms.Build.0 = Release|Win32
		{C406DAEC-0886-4771-8DEA-9D7329B46CC1}.Release|Win32.ActiveCfg = Release|Win32
		{C406DAEC-0886-4771-8DEA-9D7329B46CC1}.Release|Win32.Build.0 = Release|Win32
		{C406DAEC-0886-4771-8DEA-9D7329B46CC1}.Release|x86.ActiveCfg = Release|Win32
		{C406DAEC-0886-4771-8DEA-9D7329B46CC1}.Release|Xbox 360.ActiveCfg = Release|Win32
		{80D56D14-26A7-4E64-AAA5-F7416D885DB0}.Debug|Any CPU.ActiveCfg = Debug|x86
		{80D56D14-26A7-4E64-AAA5-F7416D885DB0}.Debug|Mixed Platforms.ActiveCfg = Debug|x86
		{80D56D14-26A7-4E64-AAA5-F7416D885DB0}.Debug|Mixed Platforms.Build.0 = Debug|x86
		{80D56D14-26A7-4E64-AAA5-F7416D885DB0}.Debug|Win32.ActiveCfg = Debug|x86
		{80D56D14-26A7-4E64-AAA5-F7416D885DB0}.Debug|x86.ActiveCfg = Debug|x86
		{80D56D14-26A7-4E64-AAA5-F7416D885DB0}.Debug|x86.Build.0 = Debug|x86
		{80D56D14-26A7-4E64-AAA5-F7416D885DB0}.Debug|Xbox 360.ActiveCfg = Debug|x86
		{80D56D14-26A7-4E64-AAA5-F7416D885DB0}.Hybrid|Any CPU.ActiveCfg = Release|x86
		{80D56D14-26A7-4E64-AAA5-F7416D885DB0}.Hybrid|Mixed Platforms.ActiveCfg = Release|x86
		{80D56D14-26A7-4E64-AAA5-F7416D885DB0}.Hybrid|Mixed Platforms.Build.0 = Release|x86
		{80D56D14-26A7-4E64-AAA5-F7416D885DB0}.Hybrid|Win32.ActiveCfg = Release|x86
		{80D56D14-26A7-4E64-AAA5-F7416D885DB0}.Hybrid|x86.ActiveCfg = Release|x86
		{80D56D14-26A7-4E64-AAA5-F7416D885DB0}.Hybrid|x86.Build.0 = Release|x86
		{80D56D14-26A7-4E64-AAA5-F7416D885DB0}.Hybrid|Xbox 360.ActiveCfg = Release|x86
		{80D56D14-26A7-4E64-AAA5-F7416D885DB0}.Release|Any CPU.ActiveCfg = Release|x86
		{80D56D14-26A7-4E64-AAA5-F7416D885DB0}.Release|Mixed Platforms.ActiveCfg = Release|x86
		{80D56D14-26A7-4E64-AAA5-F7416D885DB0}.Release|Mixed Platforms.Build.0 = Release|x86
		{80D56D14-26A7-4E64-AAA5-F7416D885DB0}.Release|Win32.ActiveCfg = Release|x86
		{80D56D14-26A7-4E64-AAA5-F7416D885DB0}.Release|x86.ActiveCfg = Release|x86
		{80D56D14-26A7-4E64-AAA5-F7416D885DB0}.Release|x86.Build.0 = Release|x86
		{80D56D14-26A7-4E64-AAA5-F7416D885DB0}.Release|Xbox 360.ActiveCfg = Release|x86
		{078DE526-3239-4C93-9874-9E3D9D3BB407}.Debug|Any CPU.ActiveCfg = Debug|Any CPU
		{078DE526-3239-4C93-9874-9E3D9D3BB407}.Debug|Any CPU.Build.0 = Debug|Any CPU
		{078DE526-3239-4C93-9874-9E3D9D3BB407}.Debug|Mixed Platforms.ActiveCfg = Debug|Any CPU
		{078DE526-3239-4C93-9874-9E3D9D3BB407}.Debug|Mixed Platforms.Build.0 = Debug|Any CPU
		{078DE526-3239-4C93-9874-9E3D9D3BB407}.Debug|Win32.ActiveCfg = Debug|Any CPU
		{078DE526-3239-4C93-9874-9E3D9D3BB407}.Debug|x86.ActiveCfg = Debug|Any CPU
		{078DE526-3239-4C93-9874-9E3D9D3BB407}.Debug|Xbox 360.ActiveCfg = Debug|Any CPU
		{078DE526-3239-4C93-9874-9E3D9D3BB407}.Hybrid|Any CPU.ActiveCfg = Release|Any CPU
		{078DE526-3239-4C93-9874-9E3D9D3BB407}.Hybrid|Any CPU.Build.0 = Release|Any CPU
		{078DE526-3239-4C93-9874-9E3D9D3BB407}.Hybrid|Mixed Platforms.ActiveCfg = Release|Any CPU
		{078DE526-3239-4C93-9874-9E3D9D3BB407}.Hybrid|Mixed Platforms.Build.0 = Release|Any CPU
		{078DE526-3239-4C93-9874-9E3D9D3BB407}.Hybrid|Win32.ActiveCfg = Release|Any CPU
		{078DE526-3239-4C93-9874-9E3D9D3BB407}.Hybrid|x86.ActiveCfg = Release|Any CPU
		{078DE526-3239-4C93-9874-9E3D9D3BB407}.Hybrid|Xbox 360.ActiveCfg = Release|Any CPU
		{078DE526-3239-4C93-9874-9E3D9D3BB407}.Release|Any CPU.ActiveCfg = Release|Any CPU
		{078DE526-3239-4C93-9874-9E3D9D3BB407}.Release|Any CPU.Build.0 = Release|Any CPU
		{078DE526-3239-4C93-9874-9E3D9D3BB407}.Release|Mixed Platforms.ActiveCfg = Release|Any CPU
		{078DE526-3239-4C93-9874-9E3D9D3BB407}.Release|Mixed Platforms.Build.0 = Release|Any CPU
		{078DE526-3239-4C93-9874-9E3D9D3BB407}.Release|Win32.ActiveCfg = Release|Any CPU
		{078DE526-3239-4C93-9874-9E3D9D3BB407}.Release|x86.ActiveCfg = Release|Any CPU
		{078DE526-3239-4C93-9874-9E3D9D3BB407}.Release|Xbox 360.ActiveCfg = Release|Any CPU
		{3C80A468-7A35-47F3-AA2D-49BE11C72CA6}.Debug|Any CPU.ActiveCfg = Debug|Win32
		{3C80A468-7A35-47F3-AA2D-49BE11C72CA6}.Debug|Mixed Platforms.ActiveCfg = Debug|Win32
		{3C80A468-7A35-47F3-AA2D-49BE11C72CA6}.Debug|Mixed Platforms.Build.0 = Debug|Win32
		{3C80A468-7A35-47F3-AA2D-49BE11C72CA6}.Debug|Win32.ActiveCfg = Debug|Win32
		{3C80A468-7A35-47F3-AA2D-49BE11C72CA6}.Debug|Win32.Build.0 = Debug|Win32
		{3C80A468-7A35-47F3-AA2D-49BE11C72CA6}.Debug|x86.ActiveCfg = Debug|Win32
		{3C80A468-7A35-47F3-AA2D-49BE11C72CA6}.Debug|Xbox 360.ActiveCfg = Debug|Win32
		{3C80A468-7A35-47F3-AA2D-49BE11C72CA6}.Hybrid|Any CPU.ActiveCfg = Hybrid|Win32
		{3C80A468-7A35-47F3-AA2D-49BE11C72CA6}.Hybrid|Mixed Platforms.ActiveCfg = Hybrid|Win32
		{3C80A468-7A35-47F3-AA2D-49BE11C72CA6}.Hybrid|Mixed Platforms.Build.0 = Hybrid|Win32
		{3C80A468-7A35-47F3-AA2D-49BE11C72CA6}.Hybrid|Win32.ActiveCfg = Hybrid|Win32
		{3C80A468-7A35-47F3-AA2D-49BE11C72CA6}.Hybrid|Win32.Build.0 = Hybrid|Win32
		{3C80A468-7A35-47F3-AA2D-49BE11C72CA6}.Hybrid|x86.ActiveCfg = Hybrid|Win32
		{3C80A468-7A35-47F3-AA2D-49BE11C72CA6}.Hybrid|Xbox 360.ActiveCfg = Hybrid|Win32
		{3C80A468-7A35-47F3-AA2D-49BE11C72CA6}.Release|Any CPU.ActiveCfg = Release|Win32
		{3C80A468-7A35-47F3-AA2D-49BE11C72CA6}.Release|Mixed Platforms.ActiveCfg = Release|Win32
		{3C80A468-7A35-47F3-AA2D-49BE11C72CA6}.Release|Mixed Platforms.Build.0 = Release|Win32
		{3C80A468-7A35-47F3-AA2D-49BE11C72CA6}.Release|Win32.ActiveCfg = Release|Win32
		{3C80A468-7A35-47F3-AA2D-49BE11C72CA6}.Release|Win32.Build.0 = Release|Win32
		{3C80A468-7A35-47F3-AA2D-49BE11C72CA6}.Release|x86.ActiveCfg = Release|Win32
		{3C80A468-7A35-47F3-AA2D-49BE11C72CA6}.Release|Xbox 360.ActiveCfg = Release|Win32
		{CBC3B80E-0B27-4201-BCC7-7629A6675214}.Debug|Any CPU.ActiveCfg = Debug|Any CPU
		{CBC3B80E-0B27-4201-BCC7-7629A6675214}.Debug|Any CPU.Build.0 = Debug|Any CPU
		{CBC3B80E-0B27-4201-BCC7-7629A6675214}.Debug|Mixed Platforms.ActiveCfg = Debug|Any CPU
		{CBC3B80E-0B27-4201-BCC7-7629A6675214}.Debug|Mixed Platforms.Build.0 = Debug|Any CPU
		{CBC3B80E-0B27-4201-BCC7-7629A6675214}.Debug|Win32.ActiveCfg = Debug|Any CPU
		{CBC3B80E-0B27-4201-BCC7-7629A6675214}.Debug|x86.ActiveCfg = Debug|Any CPU
		{CBC3B80E-0B27-4201-BCC7-7629A6675214}.Debug|Xbox 360.ActiveCfg = Debug|Any CPU
		{CBC3B80E-0B27-4201-BCC7-7629A6675214}.Hybrid|Any CPU.ActiveCfg = Release|Any CPU
		{CBC3B80E-0B27-4201-BCC7-7629A6675214}.Hybrid|Any CPU.Build.0 = Release|Any CPU
		{CBC3B80E-0B27-4201-BCC7-7629A6675214}.Hybrid|Mixed Platforms.ActiveCfg = Release|Any CPU
		{CBC3B80E-0B27-4201-BCC7-7629A6675214}.Hybrid|Mixed Platforms.Build.0 = Release|Any CPU
		{CBC3B80E-0B27-4201-BCC7-7629A6675214}.Hybrid|Win32.ActiveCfg = Release|Any CPU
		{CBC3B80E-0B27-4201-BCC7-7629A6675214}.Hybrid|x86.ActiveCfg = Release|Any CPU
		{CBC3B80E-0B27-4201-BCC7-7629A6675214}.Hybrid|Xbox 360.ActiveCfg = Release|Any CPU
		{CBC3B80E-0B27-4201-BCC7-7629A6675214}.Release|Any CPU.ActiveCfg = Release|Any CPU
		{CBC3B80E-0B27-4201-BCC7-7629A6675214}.Release|Any CPU.Build.0 = Release|Any CPU
		{CBC3B80E-0B27-4201-BCC7-7629A6675214}.Release|Mixed Platforms.ActiveCfg = Release|Any CPU
		{CBC3B80E-0B27-4201-BCC7-7629A6675214}.Release|Mixed Platforms.Build.0 = Release|Any CPU
		{CBC3B80E-0B27-4201-BCC7-7629A6675214}.Release|Win32.ActiveCfg = Release|Any CPU
		{CBC3B80E-0B27-4201-BCC7-7629A6675214}.Release|x86.ActiveCfg = Release|Any CPU
		{CBC3B80E-0B27-4201-BCC7-7629A6675214}.Release|Xbox 360.ActiveCfg = Release|Any CPU
		{06C2F4EB-5F92-42E2-A906-3A8EBEE7833D}.Debug|Any CPU.ActiveCfg = Debug|Any CPU
		{06C2F4EB-5F92-42E2-A906-3A8EBEE7833D}.Debug|Any CPU.Build.0 = Debug|Any CPU
		{06C2F4EB-5F92-42E2-A906-3A8EBEE7833D}.Debug|Mixed Platforms.ActiveCfg = Debug|Any CPU
		{06C2F4EB-5F92-42E2-A906-3A8EBEE7833D}.Debug|Mixed Platforms.Build.0 = Debug|Any CPU
		{06C2F4EB-5F92-42E2-A906-3A8EBEE7833D}.Debug|Win32.ActiveCfg = Debug|Any CPU
		{06C2F4EB-5F92-42E2-A906-3A8EBEE7833D}.Debug|x86.ActiveCfg = Debug|Any CPU
		{06C2F4EB-5F92-42E2-A906-3A8EBEE7833D}.Debug|Xbox 360.ActiveCfg = Debug|Any CPU
		{06C2F4EB-5F92-42E2-A906-3A8EBEE7833D}.Hybrid|Any CPU.ActiveCfg = Release|Any CPU
		{06C2F4EB-5F92-42E2-A906-3A8EBEE7833D}.Hybrid|Any CPU.Build.0 = Release|Any CPU
		{06C2F4EB-5F92-42E2-A906-3A8EBEE7833D}.Hybrid|Mixed Platforms.ActiveCfg = Release|Any CPU
		{06C2F4EB-5F92-42E2-A906-3A8EBEE7833D}.Hybrid|Mixed Platforms.Build.0 = Release|Any CPU
		{06C2F4EB-5F92-42E2-A906-3A8EBEE7833D}.Hybrid|Win32.ActiveCfg = Release|Any CPU
		{06C2F4EB-5F92-42E2-A906-3A8EBEE7833D}.Hybrid|x86.ActiveCfg = Release|Any CPU
		{06C2F4EB-5F92-42E2-A906-3A8EBEE7833D}.Hybrid|Xbox 360.ActiveCfg = Release|Any CPU
		{06C2F4EB-5F92-42E2-A906-3A8EBEE7833D}.Release|Any CPU.ActiveCfg = Release|Any CPU
		{06C2F4EB-5F92-42E2-A906-3A8EBEE7833D}.Release|Any CPU.Build.0 = Release|Any CPU
		{06C2F4EB-5F92-42E2-A906-3A8EBEE7833D}.Release|Mixed Platforms.ActiveCfg = Release|Any CPU
		{06C2F4EB-5F92-42E2-A906-3A8EBEE7833D}.Release|Mixed Platforms.Build.0 = Release|Any CPU
		{06C2F4EB-5F92-42E2-A906-3A8EBEE7833D}.Release|Win32.ActiveCfg = Release|Any CPU
		{06C2F4EB-5F92-42E2-A906-3A8EBEE7833D}.Release|x86.ActiveCfg = Release|Any CPU
		{06C2F4EB-5F92-42E2-A906-3A8EBEE7833D}.Release|Xbox 360.ActiveCfg = Release|Any CPU
		{38B9F8AA-2342-42C9-A652-C55A3D6B7639}.Debug|Any CPU.ActiveCfg = Debug|Win32
		{38B9F8AA-2342-42C9-A652-C55A3D6B7639}.Debug|Mixed Platforms.ActiveCfg = Debug|Win32
		{38B9F8AA-2342-42C9-A652-C55A3D6B7639}.Debug|Mixed Platforms.Build.0 = Debug|Win32
		{38B9F8AA-2342-42C9-A652-C55A3D6B7639}.Debug|Win32.ActiveCfg = Debug|Win32
		{38B9F8AA-2342-42C9-A652-C55A3D6B7639}.Debug|Win32.Build.0 = Debug|Win32
		{38B9F8AA-2342-42C9-A652-C55A3D6B7639}.Debug|x86.ActiveCfg = Debug|Win32
		{38B9F8AA-2342-42C9-A652-C55A3D6B7639}.Debug|Xbox 360.ActiveCfg = Debug|Win32
		{38B9F8AA-2342-42C9-A652-C55A3D6B7639}.Hybrid|Any CPU.ActiveCfg = Release|Win32
		{38B9F8AA-2342-42C9-A652-C55A3D6B7639}.Hybrid|Mixed Platforms.ActiveCfg = Release|Win32
		{38B9F8AA-2342-42C9-A652-C55A3D6B7639}.Hybrid|Mixed Platforms.Build.0 = Release|Win32
		{38B9F8AA-2342-42C9-A652-C55A3D6B7639}.Hybrid|Win32.ActiveCfg = Release|Win32
		{38B9F8AA-2342-42C9-A652-C55A3D6B7639}.Hybrid|Win32.Build.0 = Release|Win32
		{38B9F8AA-2342-42C9-A652-C55A3D6B7639}.Hybrid|x86.ActiveCfg = Release|Win32
		{38B9F8AA-2342-42C9-A652-C55A3D6B7639}.Hybrid|Xbox 360.ActiveCfg = Release|Win32
		{38B9F8AA-2342-42C9-A652-C55A3D6B7639}.Release|Any CPU.ActiveCfg = Release|Win32
		{38B9F8AA-2342-42C9-A652-C55A3D6B7639}.Release|Mixed Platforms.ActiveCfg = Release|Win32
		{38B9F8AA-2342-42C9-A652-C55A3D6B7639}.Release|Mixed Platforms.Build.0 = Release|Win32
		{38B9F8AA-2342-42C9-A652-C55A3D6B7639}.Release|Win32.ActiveCfg = Release|Win32
		{38B9F8AA-2342-42C9-A652-C55A3D6B7639}.Release|Win32.Build.0 = Release|Win32
		{38B9F8AA-2342-42C9-A652-C55A3D6B7639}.Release|x86.ActiveCfg = Release|Win32
		{38B9F8AA-2342-42C9-A652-C55A3D6B7639}.Release|Xbox 360.ActiveCfg = Release|Win32
		{AAF6A594-755E-4FE4-9A2D-32BA5861A13B}.Debug|Any CPU.ActiveCfg = Debug|Any CPU
		{AAF6A594-755E-4FE4-9A2D-32BA5861A13B}.Debug|Any CPU.Build.0 = Debug|Any CPU
		{AAF6A594-755E-4FE4-9A2D-32BA5861A13B}.Debug|Mixed Platforms.ActiveCfg = Debug|Any CPU
		{AAF6A594-755E-4FE4-9A2D-32BA5861A13B}.Debug|Mixed Platforms.Build.0 = Debug|Any CPU
		{AAF6A594-755E-4FE4-9A2D-32BA5861A13B}.Debug|Win32.ActiveCfg = Debug|Any CPU
		{AAF6A594-755E-4FE4-9A2D-32BA5861A13B}.Debug|x86.ActiveCfg = Debug|Any CPU
		{AAF6A594-755E-4FE4-9A2D-32BA5861A13B}.Debug|Xbox 360.ActiveCfg = Debug|Any CPU
		{AAF6A594-755E-4FE4-9A2D-32BA5861A13B}.Hybrid|Any CPU.ActiveCfg = Release|Any CPU
		{AAF6A594-755E-4FE4-9A2D-32BA5861A13B}.Hybrid|Any CPU.Build.0 = Release|Any CPU
		{AAF6A594-755E-4FE4-9A2D-32BA5861A13B}.Hybrid|Mixed Platforms.ActiveCfg = Release|Any CPU
		{AAF6A594-755E-4FE4-9A2D-32BA5861A13B}.Hybrid|Mixed Platforms.Build.0 = Release|Any CPU
		{AAF6A594-755E-4FE4-9A2D-32BA5861A13B}.Hybrid|Win32.ActiveCfg = Release|Any CPU
		{AAF6A594-755E-4FE4-9A2D-32BA5861A13B}.Hybrid|x86.ActiveCfg = Release|Any CPU
		{AAF6A594-755E-4FE4-9A2D-32BA5861A13B}.Hybrid|Xbox 360.ActiveCfg = Release|Any CPU
		{AAF6A594-755E-4FE4-9A2D-32BA5861A13B}.Release|Any CPU.ActiveCfg = Release|Any CPU
		{AAF6A594-755E-4FE4-9A2D-32BA5861A13B}.Release|Any CPU.Build.0 = Release|Any CPU
		{AAF6A594-755E-4FE4-9A2D-32BA5861A13B}.Release|Mixed Platforms.ActiveCfg = Release|Any CPU
		{AAF6A594-755E-4FE4-9A2D-32BA5861A13B}.Release|Mixed Platforms.Build.0 = Release|Any CPU
		{AAF6A594-755E-4FE4-9A2D-32BA5861A13B}.Release|Win32.ActiveCfg = Release|Any CPU
		{AAF6A594-755E-4FE4-9A2D-32BA5861A13B}.Release|x86.ActiveCfg = Release|Any CPU
		{AAF6A594-755E-4FE4-9A2D-32BA5861A13B}.Release|Xbox 360.ActiveCfg = Release|Any CPU
		{9B0BC164-3CB0-4170-BC79-DB8DFA2DBD62}.Debug|Any CPU.ActiveCfg = Debug|Any CPU
		{9B0BC164-3CB0-4170-BC79-DB8DFA2DBD62}.Debug|Any CPU.Build.0 = Debug|Any CPU
		{9B0BC164-3CB0-4170-BC79-DB8DFA2DBD62}.Debug|Mixed Platforms.ActiveCfg = Debug|Any CPU
		{9B0BC164-3CB0-4170-BC79-DB8DFA2DBD62}.Debug|Mixed Platforms.Build.0 = Debug|Any CPU
		{9B0BC164-3CB0-4170-BC79-DB8DFA2DBD62}.Debug|Win32.ActiveCfg = Debug|Any CPU
		{9B0BC164-3CB0-4170-BC79-DB8DFA2DBD62}.Debug|x86.ActiveCfg = Debug|Any CPU
		{9B0BC164-3CB0-4170-BC79-DB8DFA2DBD62}.Debug|Xbox 360.ActiveCfg = Debug|Any CPU
		{9B0BC164-3CB0-4170-BC79-DB8DFA2DBD62}.Hybrid|Any CPU.ActiveCfg = Debug|Any CPU
		{9B0BC164-3CB0-4170-BC79-DB8DFA2DBD62}.Hybrid|Any CPU.Build.0 = Debug|Any CPU
		{9B0BC164-3CB0-4170-BC79-DB8DFA2DBD62}.Hybrid|Mixed Platforms.ActiveCfg = Debug|Any CPU
		{9B0BC164-3CB0-4170-BC79-DB8DFA2DBD62}.Hybrid|Mixed Platforms.Build.0 = Debug|Any CPU
		{9B0BC164-3CB0-4170-BC79-DB8DFA2DBD62}.Hybrid|Win32.ActiveCfg = Debug|Any CPU
		{9B0BC164-3CB0-4170-BC79-DB8DFA2DBD62}.Hybrid|x86.ActiveCfg = Debug|Any CPU
		{9B0BC164-3CB0-4170-BC79-DB8DFA2DBD62}.Hybrid|Xbox 360.ActiveCfg = Debug|Any CPU
		{9B0BC164-3CB0-4170-BC79-DB8DFA2DBD62}.Release|Any CPU.ActiveCfg = Release|Any CPU
		{9B0BC164-3CB0-4170-BC79-DB8DFA2DBD62}.Release|Any CPU.Build.0 = Release|Any CPU
		{9B0BC164-3CB0-4170-BC79-DB8DFA2DBD62}.Release|Mixed Platforms.ActiveCfg = Release|Any CPU
		{9B0BC164-3CB0-4170-BC79-DB8DFA2DBD62}.Release|Mixed Platforms.Build.0 = Release|Any CPU
		{9B0BC164-3CB0-4170-BC79-DB8DFA2DBD62}.Release|Win32.ActiveCfg = Release|Any CPU
		{9B0BC164-3CB0-4170-BC79-DB8DFA2DBD62}.Release|x86.ActiveCfg = Release|Any CPU
		{9B0BC164-3CB0-4170-BC79-DB8DFA2DBD62}.Release|Xbox 360.ActiveCfg = Release|Any CPU
		{098A3804-59B9-4A83-8D4C-99954D4A8653}.Debug|Any CPU.ActiveCfg = Debug|Any CPU
		{098A3804-59B9-4A83-8D4C-99954D4A8653}.Debug|Any CPU.Build.0 = Debug|Any CPU
		{098A3804-59B9-4A83-8D4C-99954D4A8653}.Debug|Mixed Platforms.ActiveCfg = Debug|Any CPU
		{098A3804-59B9-4A83-8D4C-99954D4A8653}.Debug|Mixed Platforms.Build.0 = Debug|Any CPU
		{098A3804-59B9-4A83-8D4C-99954D4A8653}.Debug|Win32.ActiveCfg = Debug|Any CPU
		{098A3804-59B9-4A83-8D4C-99954D4A8653}.Debug|x86.ActiveCfg = Debug|Any CPU
		{098A3804-59B9-4A83-8D4C-99954D4A8653}.Debug|Xbox 360.ActiveCfg = Debug|Any CPU
		{098A3804-59B9-4A83-8D4C-99954D4A8653}.Hybrid|Any CPU.ActiveCfg = Release|Any CPU
		{098A3804-59B9-4A83-8D4C-99954D4A8653}.Hybrid|Any CPU.Build.0 = Release|Any CPU
		{098A3804-59B9-4A83-8D4C-99954D4A8653}.Hybrid|Mixed Platforms.ActiveCfg = Release|Any CPU
		{098A3804-59B9-4A83-8D4C-99954D4A8653}.Hybrid|Mixed Platforms.Build.0 = Release|Any CPU
		{098A3804-59B9-4A83-8D4C-99954D4A8653}.Hybrid|Win32.ActiveCfg = Release|Any CPU
		{098A3804-59B9-4A83-8D4C-99954D4A8653}.Hybrid|x86.ActiveCfg = Release|Any CPU
		{098A3804-59B9-4A83-8D4C-99954D4A8653}.Hybrid|Xbox 360.ActiveCfg = Release|Any CPU
		{098A3804-59B9-4A83-8D4C-99954D4A8653}.Release|Any CPU.ActiveCfg = Release|Any CPU
		{098A3804-59B9-4A83-8D4C-99954D4A8653}.Release|Any CPU.Build.0 = Release|Any CPU
		{098A3804-59B9-4A83-8D4C-99954D4A8653}.Release|Mixed Platforms.ActiveCfg = Release|Any CPU
		{098A3804-59B9-4A83-8D4C-99954D4A8653}.Release|Mixed Platforms.Build.0 = Release|Any CPU
		{098A3804-59B9-4A83-8D4C-99954D4A8653}.Release|Win32.ActiveCfg = Release|Any CPU
		{098A3804-59B9-4A83-8D4C-99954D4A8653}.Release|x86.ActiveCfg = Release|Any CPU
		{098A3804-59B9-4A83-8D4C-99954D4A8653}.Release|Xbox 360.ActiveCfg = Release|Any CPU
		{4C455726-38B4-4143-8C43-46653918F0E4}.Debug|Any CPU.ActiveCfg = Debug|Any CPU
		{4C455726-38B4-4143-8C43-46653918F0E4}.Debug|Any CPU.Build.0 = Debug|Any CPU
		{4C455726-38B4-4143-8C43-46653918F0E4}.Debug|Mixed Platforms.ActiveCfg = Debug|Any CPU
		{4C455726-38B4-4143-8C43-46653918F0E4}.Debug|Mixed Platforms.Build.0 = Debug|Any CPU
		{4C455726-38B4-4143-8C43-46653918F0E4}.Debug|Win32.ActiveCfg = Debug|Any CPU
		{4C455726-38B4-4143-8C43-46653918F0E4}.Debug|x86.ActiveCfg = Debug|Any CPU
		{4C455726-38B4-4143-8C43-46653918F0E4}.Debug|Xbox 360.ActiveCfg = Debug|Any CPU
		{4C455726-38B4-4143-8C43-46653918F0E4}.Hybrid|Any CPU.ActiveCfg = Release|Any CPU
		{4C455726-38B4-4143-8C43-46653918F0E4}.Hybrid|Any CPU.Build.0 = Release|Any CPU
		{4C455726-38B4-4143-8C43-46653918F0E4}.Hybrid|Mixed Platforms.ActiveCfg = Release|Any CPU
		{4C455726-38B4-4143-8C43-46653918F0E4}.Hybrid|Mixed Platforms.Build.0 = Release|Any CPU
		{4C455726-38B4-4143-8C43-46653918F0E4}.Hybrid|Win32.ActiveCfg = Release|Any CPU
		{4C455726-38B4-4143-8C43-46653918F0E4}.Hybrid|x86.ActiveCfg = Release|Any CPU
		{4C455726-38B4-4143-8C43-46653918F0E4}.Hybrid|Xbox 360.ActiveCfg = Release|Any CPU
		{4C455726-38B4-4143-8C43-46653918F0E4}.Release|Any CPU.ActiveCfg = Release|Any CPU
		{4C455726-38B4-4143-8C43-46653918F0E4}.Release|Any CPU.Build.0 = Release|Any CPU
		{4C455726-38B4-4143-8C43-46653918F0E4}.Release|Mixed Platforms.ActiveCfg = Release|Any CPU
		{4C455726-38B4-4143-8C43-46653918F0E4}.Release|Mixed Platforms.Build.0 = Release|Any CPU
		{4C455726-38B4-4143-8C43-46653918F0E4}.Release|Win32.ActiveCfg = Release|Any CPU
		{4C455726-38B4-4143-8C43-46653918F0E4}.Release|x86.ActiveCfg = Release|Any CPU
		{4C455726-38B4-4143-8C43-46653918F0E4}.Release|Xbox 360.ActiveCfg = Release|Any CPU
		{EFB95F83-0B5E-4410-B427-749D5290D7F3}.Debug|Any CPU.ActiveCfg = Debug|Any CPU
		{EFB95F83-0B5E-4410-B427-749D5290D7F3}.Debug|Any CPU.Build.0 = Debug|Any CPU
		{EFB95F83-0B5E-4410-B427-749D5290D7F3}.Debug|Mixed Platforms.ActiveCfg = Debug|Any CPU
		{EFB95F83-0B5E-4410-B427-749D5290D7F3}.Debug|Mixed Platforms.Build.0 = Debug|Any CPU
		{EFB95F83-0B5E-4410-B427-749D5290D7F3}.Debug|Win32.ActiveCfg = Debug|Any CPU
		{EFB95F83-0B5E-4410-B427-749D5290D7F3}.Debug|x86.ActiveCfg = Debug|Any CPU
		{EFB95F83-0B5E-4410-B427-749D5290D7F3}.Debug|Xbox 360.ActiveCfg = Debug|Any CPU
		{EFB95F83-0B5E-4410-B427-749D5290D7F3}.Hybrid|Any CPU.ActiveCfg = Release|Any CPU
		{EFB95F83-0B5E-4410-B427-749D5290D7F3}.Hybrid|Any CPU.Build.0 = Release|Any CPU
		{EFB95F83-0B5E-4410-B427-749D5290D7F3}.Hybrid|Mixed Platforms.ActiveCfg = Release|Any CPU
		{EFB95F83-0B5E-4410-B427-749D5290D7F3}.Hybrid|Mixed Platforms.Build.0 = Release|Any CPU
		{EFB95F83-0B5E-4410-B427-749D5290D7F3}.Hybrid|Win32.ActiveCfg = Release|Any CPU
		{EFB95F83-0B5E-4410-B427-749D5290D7F3}.Hybrid|x86.ActiveCfg = Release|Any CPU
		{EFB95F83-0B5E-4410-B427-749D5290D7F3}.Hybrid|Xbox 360.ActiveCfg = Release|Any CPU
		{EFB95F83-0B5E-4410-B427-749D5290D7F3}.Release|Any CPU.ActiveCfg = Release|Any CPU
		{EFB95F83-0B5E-4410-B427-749D5290D7F3}.Release|Any CPU.Build.0 = Release|Any CPU
		{EFB95F83-0B5E-4410-B427-749D5290D7F3}.Release|Mixed Platforms.ActiveCfg = Release|Any CPU
		{EFB95F83-0B5E-4410-B427-749D5290D7F3}.Release|Mixed Platforms.Build.0 = Release|Any CPU
		{EFB95F83-0B5E-4410-B427-749D5290D7F3}.Release|Win32.ActiveCfg = Release|Any CPU
		{EFB95F83-0B5E-4410-B427-749D5290D7F3}.Release|x86.ActiveCfg = Release|Any CPU
		{EFB95F83-0B5E-4410-B427-749D5290D7F3}.Release|Xbox 360.ActiveCfg = Release|Any CPU
		{C75532C4-765B-418E-B09B-46D36B2ABDB1}.Debug|Any CPU.ActiveCfg = Debug|Any CPU
		{C75532C4-765B-418E-B09B-46D36B2ABDB1}.Debug|Any CPU.Build.0 = Debug|Any CPU
		{C75532C4-765B-418E-B09B-46D36B2ABDB1}.Debug|Mixed Platforms.ActiveCfg = Debug|Any CPU
		{C75532C4-765B-418E-B09B-46D36B2ABDB1}.Debug|Mixed Platforms.Build.0 = Debug|Any CPU
		{C75532C4-765B-418E-B09B-46D36B2ABDB1}.Debug|Win32.ActiveCfg = Debug|Any CPU
		{C75532C4-765B-418E-B09B-46D36B2ABDB1}.Debug|x86.ActiveCfg = Debug|Any CPU
		{C75532C4-765B-418E-B09B-46D36B2ABDB1}.Debug|Xbox 360.ActiveCfg = Debug|Any CPU
		{C75532C4-765B-418E-B09B-46D36B2ABDB1}.Hybrid|Any CPU.ActiveCfg = Release|Any CPU
		{C75532C4-765B-418E-B09B-46D36B2ABDB1}.Hybrid|Any CPU.Build.0 = Release|Any CPU
		{C75532C4-765B-418E-B09B-46D36B2ABDB1}.Hybrid|Mixed Platforms.ActiveCfg = Release|Any CPU
		{C75532C4-765B-418E-B09B-46D36B2ABDB1}.Hybrid|Mixed Platforms.Build.0 = Release|Any CPU
		{C75532C4-765B-418E-B09B-46D36B2ABDB1}.Hybrid|Win32.ActiveCfg = Release|Any CPU
		{C75532C4-765B-418E-B09B-46D36B2ABDB1}.Hybrid|x86.ActiveCfg = Release|Any CPU
		{C75532C4-765B-418E-B09B-46D36B2ABDB1}.Hybrid|Xbox 360.ActiveCfg = Release|Any CPU
		{C75532C4-765B-418E-B09B-46D36B2ABDB1}.Release|Any CPU.ActiveCfg = Release|Any CPU
		{C75532C4-765B-418E-B09B-46D36B2ABDB1}.Release|Any CPU.Build.0 = Release|Any CPU
		{C75532C4-765B-418E-B09B-46D36B2ABDB1}.Release|Mixed Platforms.ActiveCfg = Release|Any CPU
		{C75532C4-765B-418E-B09B-46D36B2ABDB1}.Release|Mixed Platforms.Build.0 = Release|Any CPU
		{C75532C4-765B-418E-B09B-46D36B2ABDB1}.Release|Win32.ActiveCfg = Release|Any CPU
		{C75532C4-765B-418E-B09B-46D36B2ABDB1}.Release|x86.ActiveCfg = Release|Any CPU
		{C75532C4-765B-418E-B09B-46D36B2ABDB1}.Release|Xbox 360.ActiveCfg = Release|Any CPU
		{CC12E96E-C7AC-446E-8DAB-402A2A20D0A6}.Debug|Any CPU.ActiveCfg = Debug|Any CPU
		{CC12E96E-C7AC-446E-8DAB-402A2A20D0A6}.Debug|Any CPU.Build.0 = Debug|Any CPU
		{CC12E96E-C7AC-446E-8DAB-402A2A20D0A6}.Debug|Mixed Platforms.ActiveCfg = Debug|Any CPU
		{CC12E96E-C7AC-446E-8DAB-402A2A20D0A6}.Debug|Mixed Platforms.Build.0 = Debug|Any CPU
		{CC12E96E-C7AC-446E-8DAB-402A2A20D0A6}.Debug|Win32.ActiveCfg = Debug|Any CPU
		{CC12E96E-C7AC-446E-8DAB-402A2A20D0A6}.Debug|x86.ActiveCfg = Debug|Any CPU
		{CC12E96E-C7AC-446E-8DAB-402A2A20D0A6}.Debug|Xbox 360.ActiveCfg = Debug|Any CPU
		{CC12E96E-C7AC-446E-8DAB-402A2A20D0A6}.Hybrid|Any CPU.ActiveCfg = Release|Any CPU
		{CC12E96E-C7AC-446E-8DAB-402A2A20D0A6}.Hybrid|Any CPU.Build.0 = Release|Any CPU
		{CC12E96E-C7AC-446E-8DAB-402A2A20D0A6}.Hybrid|Mixed Platforms.ActiveCfg = Release|Any CPU
		{CC12E96E-C7AC-446E-8DAB-402A2A20D0A6}.Hybrid|Mixed Platforms.Build.0 = Release|Any CPU
		{CC12E96E-C7AC-446E-8DAB-402A2A20D0A6}.Hybrid|Win32.ActiveCfg = Release|Any CPU
		{CC12E96E-C7AC-446E-8DAB-402A2A20D0A6}.Hybrid|x86.ActiveCfg = Release|Any CPU
		{CC12E96E-C7AC-446E-8DAB-402A2A20D0A6}.Hybrid|Xbox 360.ActiveCfg = Release|Any CPU
		{CC12E96E-C7AC-446E-8DAB-402A2A20D0A6}.Release|Any CPU.ActiveCfg = Release|Any CPU
		{CC12E96E-C7AC-446E-8DAB-402A2A20D0A6}.Release|Any CPU.Build.0 = Release|Any CPU
		{CC12E96E-C7AC-446E-8DAB-402A2A20D0A6}.Release|Mixed Platforms.ActiveCfg = Release|Any CPU
		{CC12E96E-C7AC-446E-8DAB-402A2A20D0A6}.Release|Mixed Platforms.Build.0 = Release|Any CPU
		{CC12E96E-C7AC-446E-8DAB-402A2A20D0A6}.Release|Win32.ActiveCfg = Release|Any CPU
		{CC12E96E-C7AC-446E-8DAB-402A2A20D0A6}.Release|x86.ActiveCfg = Release|Any CPU
		{CC12E96E-C7AC-446E-8DAB-402A2A20D0A6}.Release|Xbox 360.ActiveCfg = Release|Any CPU
		{2642F5EA-CE4E-4205-A3AE-812CF6BB4B17}.Debug|Any CPU.ActiveCfg = Debug|x86
		{2642F5EA-CE4E-4205-A3AE-812CF6BB4B17}.Debug|Mixed Platforms.ActiveCfg = Debug|x86
		{2642F5EA-CE4E-4205-A3AE-812CF6BB4B17}.Debug|Mixed Platforms.Build.0 = Debug|x86
		{2642F5EA-CE4E-4205-A3AE-812CF6BB4B17}.Debug|Win32.ActiveCfg = Debug|x86
		{2642F5EA-CE4E-4205-A3AE-812CF6BB4B17}.Debug|x86.ActiveCfg = Debug|x86
		{2642F5EA-CE4E-4205-A3AE-812CF6BB4B17}.Debug|x86.Build.0 = Debug|x86
		{2642F5EA-CE4E-4205-A3AE-812CF6BB4B17}.Debug|Xbox 360.ActiveCfg = Debug|x86
		{2642F5EA-CE4E-4205-A3AE-812CF6BB4B17}.Hybrid|Any CPU.ActiveCfg = Release|x86
		{2642F5EA-CE4E-4205-A3AE-812CF6BB4B17}.Hybrid|Mixed Platforms.ActiveCfg = Release|x86
		{2642F5EA-CE4E-4205-A3AE-812CF6BB4B17}.Hybrid|Mixed Platforms.Build.0 = Release|x86
		{2642F5EA-CE4E-4205-A3AE-812CF6BB4B17}.Hybrid|Win32.ActiveCfg = Release|x86
		{2642F5EA-CE4E-4205-A3AE-812CF6BB4B17}.Hybrid|x86.ActiveCfg = Release|x86
		{2642F5EA-CE4E-4205-A3AE-812CF6BB4B17}.Hybrid|x86.Build.0 = Release|x86
		{2642F5EA-CE4E-4205-A3AE-812CF6BB4B17}.Hybrid|Xbox 360.ActiveCfg = Release|x86
		{2642F5EA-CE4E-4205-A3AE-812CF6BB4B17}.Release|Any CPU.ActiveCfg = Release|x86
		{2642F5EA-CE4E-4205-A3AE-812CF6BB4B17}.Release|Mixed Platforms.ActiveCfg = Release|x86
		{2642F5EA-CE4E-4205-A3AE-812CF6BB4B17}.Release|Mixed Platforms.Build.0 = Release|x86
		{2642F5EA-CE4E-4205-A3AE-812CF6BB4B17}.Release|Win32.ActiveCfg = Release|x86
		{2642F5EA-CE4E-4205-A3AE-812CF6BB4B17}.Release|x86.ActiveCfg = Release|x86
		{2642F5EA-CE4E-4205-A3AE-812CF6BB4B17}.Release|x86.Build.0 = Release|x86
		{2642F5EA-CE4E-4205-A3AE-812CF6BB4B17}.Release|Xbox 360.ActiveCfg = Release|x86
		{FA074956-E2EA-44CF-B9D8-F967CE7A587B}.Debug|Any CPU.ActiveCfg = Debug|Any CPU
		{FA074956-E2EA-44CF-B9D8-F967CE7A587B}.Debug|Any CPU.Build.0 = Debug|Any CPU
		{FA074956-E2EA-44CF-B9D8-F967CE7A587B}.Debug|Mixed Platforms.ActiveCfg = Debug|Any CPU
		{FA074956-E2EA-44CF-B9D8-F967CE7A587B}.Debug|Mixed Platforms.Build.0 = Debug|Any CPU
		{FA074956-E2EA-44CF-B9D8-F967CE7A587B}.Debug|Win32.ActiveCfg = Debug|Any CPU
		{FA074956-E2EA-44CF-B9D8-F967CE7A587B}.Debug|x86.ActiveCfg = Debug|Any CPU
		{FA074956-E2EA-44CF-B9D8-F967CE7A587B}.Debug|Xbox 360.ActiveCfg = Debug|Any CPU
		{FA074956-E2EA-44CF-B9D8-F967CE7A587B}.Hybrid|Any CPU.ActiveCfg = Release|Any CPU
		{FA074956-E2EA-44CF-B9D8-F967CE7A587B}.Hybrid|Any CPU.Build.0 = Release|Any CPU
		{FA074956-E2EA-44CF-B9D8-F967CE7A587B}.Hybrid|Mixed Platforms.ActiveCfg = Release|Any CPU
		{FA074956-E2EA-44CF-B9D8-F967CE7A587B}.Hybrid|Mixed Platforms.Build.0 = Release|Any CPU
		{FA074956-E2EA-44CF-B9D8-F967CE7A587B}.Hybrid|Win32.ActiveCfg = Release|Any CPU
		{FA074956-E2EA-44CF-B9D8-F967CE7A587B}.Hybrid|x86.ActiveCfg = Release|Any CPU
		{FA074956-E2EA-44CF-B9D8-F967CE7A587B}.Hybrid|Xbox 360.ActiveCfg = Release|Any CPU
		{FA074956-E2EA-44CF-B9D8-F967CE7A587B}.Release|Any CPU.ActiveCfg = Release|Any CPU
		{FA074956-E2EA-44CF-B9D8-F967CE7A587B}.Release|Any CPU.Build.0 = Release|Any CPU
		{FA074956-E2EA-44CF-B9D8-F967CE7A587B}.Release|Mixed Platforms.ActiveCfg = Release|Any CPU
		{FA074956-E2EA-44CF-B9D8-F967CE7A587B}.Release|Mixed Platforms.Build.0 = Release|Any CPU
		{FA074956-E2EA-44CF-B9D8-F967CE7A587B}.Release|Win32.ActiveCfg = Release|Any CPU
		{FA074956-E2EA-44CF-B9D8-F967CE7A587B}.Release|x86.ActiveCfg = Release|Any CPU
		{FA074956-E2EA-44CF-B9D8-F967CE7A587B}.Release|Xbox 360.ActiveCfg = Release|Any CPU
		{36202DE0-590A-43D4-A99D-55412CAD71C8}.Debug|Any CPU.ActiveCfg = Debug|Any CPU
		{36202DE0-590A-43D4-A99D-55412CAD71C8}.Debug|Any CPU.Build.0 = Debug|Any CPU
		{36202DE0-590A-43D4-A99D-55412CAD71C8}.Debug|Mixed Platforms.ActiveCfg = Debug|Any CPU
		{36202DE0-590A-43D4-A99D-55412CAD71C8}.Debug|Mixed Platforms.Build.0 = Debug|Any CPU
		{36202DE0-590A-43D4-A99D-55412CAD71C8}.Debug|Win32.ActiveCfg = Debug|Any CPU
		{36202DE0-590A-43D4-A99D-55412CAD71C8}.Debug|x86.ActiveCfg = Debug|Any CPU
		{36202DE0-590A-43D4-A99D-55412CAD71C8}.Debug|Xbox 360.ActiveCfg = Debug|Any CPU
		{36202DE0-590A-43D4-A99D-55412CAD71C8}.Hybrid|Any CPU.ActiveCfg = Release|Any CPU
		{36202DE0-590A-43D4-A99D-55412CAD71C8}.Hybrid|Any CPU.Build.0 = Release|Any CPU
		{36202DE0-590A-43D4-A99D-55412CAD71C8}.Hybrid|Mixed Platforms.ActiveCfg = Release|Any CPU
		{36202DE0-590A-43D4-A99D-55412CAD71C8}.Hybrid|Mixed Platforms.Build.0 = Release|Any CPU
		{36202DE0-590A-43D4-A99D-55412CAD71C8}.Hybrid|Win32.ActiveCfg = Release|Any CPU
		{36202DE0-590A-43D4-A99D-55412CAD71C8}.Hybrid|x86.ActiveCfg = Release|Any CPU
		{36202DE0-590A-43D4-A99D-55412CAD71C8}.Hybrid|Xbox 360.ActiveCfg = Release|Any CPU
		{36202DE0-590A-43D4-A99D-55412CAD71C8}.Release|Any CPU.ActiveCfg = Release|Any CPU
		{36202DE0-590A-43D4-A99D-55412CAD71C8}.Release|Any CPU.Build.0 = Release|Any CPU
		{36202DE0-590A-43D4-A99D-55412CAD71C8}.Release|Mixed Platforms.ActiveCfg = Release|Any CPU
		{36202DE0-590A-43D4-A99D-55412CAD71C8}.Release|Mixed Platforms.Build.0 = Release|Any CPU
		{36202DE0-590A-43D4-A99D-55412CAD71C8}.Release|Win32.ActiveCfg = Release|Any CPU
		{36202DE0-590A-43D4-A99D-55412CAD71C8}.Release|x86.ActiveCfg = Release|Any CPU
		{36202DE0-590A-43D4-A99D-55412CAD71C8}.Release|Xbox 360.ActiveCfg = Release|Any CPU
		{5ED145C1-AD28-4F3C-B544-7124F25F4CC4}.Debug|Any CPU.ActiveCfg = Debug|Any CPU
		{5ED145C1-AD28-4F3C-B544-7124F25F4CC4}.Debug|Any CPU.Build.0 = Debug|Any CPU
		{5ED145C1-AD28-4F3C-B544-7124F25F4CC4}.Debug|Mixed Platforms.ActiveCfg = Debug|Any CPU
		{5ED145C1-AD28-4F3C-B544-7124F25F4CC4}.Debug|Mixed Platforms.Build.0 = Debug|Any CPU
		{5ED145C1-AD28-4F3C-B544-7124F25F4CC4}.Debug|Win32.ActiveCfg = Debug|Any CPU
		{5ED145C1-AD28-4F3C-B544-7124F25F4CC4}.Debug|x86.ActiveCfg = Debug|Any CPU
		{5ED145C1-AD28-4F3C-B544-7124F25F4CC4}.Debug|Xbox 360.ActiveCfg = Debug|Any CPU
		{5ED145C1-AD28-4F3C-B544-7124F25F4CC4}.Hybrid|Any CPU.ActiveCfg = Release|Any CPU
		{5ED145C1-AD28-4F3C-B544-7124F25F4CC4}.Hybrid|Any CPU.Build.0 = Release|Any CPU
		{5ED145C1-AD28-4F3C-B544-7124F25F4CC4}.Hybrid|Mixed Platforms.ActiveCfg = Release|Any CPU
		{5ED145C1-AD28-4F3C-B544-7124F25F4CC4}.Hybrid|Mixed Platforms.Build.0 = Release|Any CPU
		{5ED145C1-AD28-4F3C-B544-7124F25F4CC4}.Hybrid|Win32.ActiveCfg = Release|Any CPU
		{5ED145C1-AD28-4F3C-B544-7124F25F4CC4}.Hybrid|x86.ActiveCfg = Release|Any CPU
		{5ED145C1-AD28-4F3C-B544-7124F25F4CC4}.Hybrid|Xbox 360.ActiveCfg = Release|Any CPU
		{5ED145C1-AD28-4F3C-B544-7124F25F4CC4}.Release|Any CPU.ActiveCfg = Release|Any CPU
		{5ED145C1-AD28-4F3C-B544-7124F25F4CC4}.Release|Any CPU.Build.0 = Release|Any CPU
		{5ED145C1-AD28-4F3C-B544-7124F25F4CC4}.Release|Mixed Platforms.ActiveCfg = Release|Any CPU
		{5ED145C1-AD28-4F3C-B544-7124F25F4CC4}.Release|Mixed Platforms.Build.0 = Release|Any CPU
		{5ED145C1-AD28-4F3C-B544-7124F25F4CC4}.Release|Win32.ActiveCfg = Release|Any CPU
		{5ED145C1-AD28-4F3C-B544-7124F25F4CC4}.Release|x86.ActiveCfg = Release|Any CPU
		{5ED145C1-AD28-4F3C-B544-7124F25F4CC4}.Release|Xbox 360.ActiveCfg = Release|Any CPU
		{DE06C1A6-EB92-4C17-8F01-E8CAE11D8264}.Debug|Any CPU.ActiveCfg = Debug|Any CPU
		{DE06C1A6-EB92-4C17-8F01-E8CAE11D8264}.Debug|Any CPU.Build.0 = Debug|Any CPU
		{DE06C1A6-EB92-4C17-8F01-E8CAE11D8264}.Debug|Mixed Platforms.ActiveCfg = Debug|Any CPU
		{DE06C1A6-EB92-4C17-8F01-E8CAE11D8264}.Debug|Mixed Platforms.Build.0 = Debug|Any CPU
		{DE06C1A6-EB92-4C17-8F01-E8CAE11D8264}.Debug|Win32.ActiveCfg = Debug|Any CPU
		{DE06C1A6-EB92-4C17-8F01-E8CAE11D8264}.Debug|x86.ActiveCfg = Debug|Any CPU
		{DE06C1A6-EB92-4C17-8F01-E8CAE11D8264}.Debug|Xbox 360.ActiveCfg = Debug|Any CPU
		{DE06C1A6-EB92-4C17-8F01-E8CAE11D8264}.Hybrid|Any CPU.ActiveCfg = Release|Any CPU
		{DE06C1A6-EB92-4C17-8F01-E8CAE11D8264}.Hybrid|Any CPU.Build.0 = Release|Any CPU
		{DE06C1A6-EB92-4C17-8F01-E8CAE11D8264}.Hybrid|Mixed Platforms.ActiveCfg = Release|Any CPU
		{DE06C1A6-EB92-4C17-8F01-E8CAE11D8264}.Hybrid|Mixed Platforms.Build.0 = Release|Any CPU
		{DE06C1A6-EB92-4C17-8F01-E8CAE11D8264}.Hybrid|Win32.ActiveCfg = Release|Any CPU
		{DE06C1A6-EB92-4C17-8F01-E8CAE11D8264}.Hybrid|x86.ActiveCfg = Release|Any CPU
		{DE06C1A6-EB92-4C17-8F01-E8CAE11D8264}.Hybrid|Xbox 360.ActiveCfg = Release|Any CPU
		{DE06C1A6-EB92-4C17-8F01-E8CAE11D8264}.Release|Any CPU.ActiveCfg = Release|Any CPU
		{DE06C1A6-EB92-4C17-8F01-E8CAE11D8264}.Release|Any CPU.Build.0 = Release|Any CPU
		{DE06C1A6-EB92-4C17-8F01-E8CAE11D8264}.Release|Mixed Platforms.ActiveCfg = Release|Any CPU
		{DE06C1A6-EB92-4C17-8F01-E8CAE11D8264}.Release|Mixed Platforms.Build.0 = Release|Any CPU
		{DE06C1A6-EB92-4C17-8F01-E8CAE11D8264}.Release|Win32.ActiveCfg = Release|Any CPU
		{DE06C1A6-EB92-4C17-8F01-E8CAE11D8264}.Release|x86.ActiveCfg = Release|Any CPU
		{DE06C1A6-EB92-4C17-8F01-E8CAE11D8264}.Release|Xbox 360.ActiveCfg = Release|Any CPU
		{03477EFF-DD7B-4BDC-B76D-D391F802B823}.Debug|Any CPU.ActiveCfg = Debug|Any CPU
		{03477EFF-DD7B-4BDC-B76D-D391F802B823}.Debug|Any CPU.Build.0 = Debug|Any CPU
		{03477EFF-DD7B-4BDC-B76D-D391F802B823}.Debug|Mixed Platforms.ActiveCfg = Debug|Any CPU
		{03477EFF-DD7B-4BDC-B76D-D391F802B823}.Debug|Mixed Platforms.Build.0 = Debug|Any CPU
		{03477EFF-DD7B-4BDC-B76D-D391F802B823}.Debug|Win32.ActiveCfg = Debug|Any CPU
		{03477EFF-DD7B-4BDC-B76D-D391F802B823}.Debug|x86.ActiveCfg = Debug|Any CPU
		{03477EFF-DD7B-4BDC-B76D-D391F802B823}.Debug|Xbox 360.ActiveCfg = Debug|Any CPU
		{03477EFF-DD7B-4BDC-B76D-D391F802B823}.Hybrid|Any CPU.ActiveCfg = Release|Any CPU
		{03477EFF-DD7B-4BDC-B76D-D391F802B823}.Hybrid|Any CPU.Build.0 = Release|Any CPU
		{03477EFF-DD7B-4BDC-B76D-D391F802B823}.Hybrid|Mixed Platforms.ActiveCfg = Release|Any CPU
		{03477EFF-DD7B-4BDC-B76D-D391F802B823}.Hybrid|Mixed Platforms.Build.0 = Release|Any CPU
		{03477EFF-DD7B-4BDC-B76D-D391F802B823}.Hybrid|Win32.ActiveCfg = Release|Any CPU
		{03477EFF-DD7B-4BDC-B76D-D391F802B823}.Hybrid|x86.ActiveCfg = Release|Any CPU
		{03477EFF-DD7B-4BDC-B76D-D391F802B823}.Hybrid|Xbox 360.ActiveCfg = Release|Any CPU
		{03477EFF-DD7B-4BDC-B76D-D391F802B823}.Release|Any CPU.ActiveCfg = Release|Any CPU
		{03477EFF-DD7B-4BDC-B76D-D391F802B823}.Release|Any CPU.Build.0 = Release|Any CPU
		{03477EFF-DD7B-4BDC-B76D-D391F802B823}.Release|Mixed Platforms.ActiveCfg = Release|Any CPU
		{03477EFF-DD7B-4BDC-B76D-D391F802B823}.Release|Mixed Platforms.Build.0 = Release|Any CPU
		{03477EFF-DD7B-4BDC-B76D-D391F802B823}.Release|Win32.ActiveCfg = Release|Any CPU
		{03477EFF-DD7B-4BDC-B76D-D391F802B823}.Release|x86.ActiveCfg = Release|Any CPU
		{03477EFF-DD7B-4BDC-B76D-D391F802B823}.Release|Xbox 360.ActiveCfg = Release|Any CPU
		{E4262BF5-26B9-4EF0-A211-927FC398CC4A}.Debug|Any CPU.ActiveCfg = Debug|Xbox 360
		{E4262BF5-26B9-4EF0-A211-927FC398CC4A}.Debug|Mixed Platforms.ActiveCfg = Debug|Xbox 360
		{E4262BF5-26B9-4EF0-A211-927FC398CC4A}.Debug|Win32.ActiveCfg = Debug|Xbox 360
		{E4262BF5-26B9-4EF0-A211-927FC398CC4A}.Debug|x86.ActiveCfg = Debug|x86
		{E4262BF5-26B9-4EF0-A211-927FC398CC4A}.Debug|Xbox 360.ActiveCfg = Debug|Xbox 360
		{E4262BF5-26B9-4EF0-A211-927FC398CC4A}.Hybrid|Any CPU.ActiveCfg = Release|Xbox 360
		{E4262BF5-26B9-4EF0-A211-927FC398CC4A}.Hybrid|Mixed Platforms.ActiveCfg = Release|Xbox 360
		{E4262BF5-26B9-4EF0-A211-927FC398CC4A}.Hybrid|Win32.ActiveCfg = Release|Xbox 360
		{E4262BF5-26B9-4EF0-A211-927FC398CC4A}.Hybrid|x86.ActiveCfg = Release|Xbox 360
		{E4262BF5-26B9-4EF0-A211-927FC398CC4A}.Hybrid|Xbox 360.ActiveCfg = Release|Xbox 360
		{E4262BF5-26B9-4EF0-A211-927FC398CC4A}.Release|Any CPU.ActiveCfg = Release|Xbox 360
		{E4262BF5-26B9-4EF0-A211-927FC398CC4A}.Release|Mixed Platforms.ActiveCfg = Release|Xbox 360
		{E4262BF5-26B9-4EF0-A211-927FC398CC4A}.Release|Win32.ActiveCfg = Release|Xbox 360
		{E4262BF5-26B9-4EF0-A211-927FC398CC4A}.Release|x86.ActiveCfg = Release|x86
		{E4262BF5-26B9-4EF0-A211-927FC398CC4A}.Release|Xbox 360.ActiveCfg = Release|Xbox 360
		{9091EB4A-3938-4B49-9113-08C931E71084}.Debug|Any CPU.ActiveCfg = Debug|x86
		{9091EB4A-3938-4B49-9113-08C931E71084}.Debug|Mixed Platforms.ActiveCfg = Debug|x86
		{9091EB4A-3938-4B49-9113-08C931E71084}.Debug|Win32.ActiveCfg = Debug|x86
		{9091EB4A-3938-4B49-9113-08C931E71084}.Debug|x86.ActiveCfg = Debug|x86
		{9091EB4A-3938-4B49-9113-08C931E71084}.Debug|Xbox 360.ActiveCfg = Debug|x86
		{9091EB4A-3938-4B49-9113-08C931E71084}.Hybrid|Any CPU.ActiveCfg = Release|x86
		{9091EB4A-3938-4B49-9113-08C931E71084}.Hybrid|Mixed Platforms.ActiveCfg = Release|x86
		{9091EB4A-3938-4B49-9113-08C931E71084}.Hybrid|Win32.ActiveCfg = Release|x86
		{9091EB4A-3938-4B49-9113-08C931E71084}.Hybrid|x86.ActiveCfg = Release|x86
		{9091EB4A-3938-4B49-9113-08C931E71084}.Hybrid|Xbox 360.ActiveCfg = Release|x86
		{9091EB4A-3938-4B49-9113-08C931E71084}.Release|Any CPU.ActiveCfg = Release|x86
		{9091EB4A-3938-4B49-9113-08C931E71084}.Release|Mixed Platforms.ActiveCfg = Release|x86
		{9091EB4A-3938-4B49-9113-08C931E71084}.Release|Win32.ActiveCfg = Release|x86
		{9091EB4A-3938-4B49-9113-08C931E71084}.Release|x86.ActiveCfg = Release|x86
		{9091EB4A-3938-4B49-9113-08C931E71084}.Release|Xbox 360.ActiveCfg = Release|x86
	EndGlobalSection
	GlobalSection(SolutionProperties) = preSolution
		HideSolutionNode = FALSE
	EndGlobalSection
EndGlobal
